{
  "version": 4,
  "terraform_version": "1.2.4",
  "serial": 81,
  "lineage": "f11e690e-e028-2925-de77-2b4fff82462f",
  "outputs": {
    "webip": {
      "value": "34.217.126.55",
      "type": "string"
    }
  },
  "resources": [
    {
      "mode": "managed",
      "type": "aws_cloudfront_distribution",
      "name": "mycloudfront",
      "provider": "provider[\"registry.terraform.io/hashicorp/aws\"]",
      "instances": [
        {
          "schema_version": 1,
          "attributes": {
            "aliases": null,
            "arn": "arn:aws:cloudfront::484870727739:distribution/E2B1YC9NF35QMK",
            "caller_reference": "terraform-20220708071017153600000001",
            "comment": null,
            "custom_error_response": [],
            "default_cache_behavior": [
              {
                "allowed_methods": [
                  "DELETE",
                  "GET",
                  "HEAD",
                  "OPTIONS",
                  "PATCH",
                  "POST",
                  "PUT"
                ],
                "cache_policy_id": "",
                "cached_methods": [
                  "GET",
                  "HEAD"
                ],
                "compress": false,
                "default_ttl": 3600,
                "field_level_encryption_id": "",
                "forwarded_values": [
                  {
                    "cookies": [
                      {
                        "forward": "none",
                        "whitelisted_names": []
                      }
                    ],
                    "headers": [],
                    "query_string": false,
                    "query_string_cache_keys": []
                  }
                ],
                "function_association": [],
                "lambda_function_association": [],
                "max_ttl": 86400,
                "min_ttl": 0,
                "origin_request_policy_id": "",
                "realtime_log_config_arn": "",
                "response_headers_policy_id": "",
                "smooth_streaming": false,
                "target_origin_id": "yfquek-cf-test-20220708",
                "trusted_key_groups": [],
                "trusted_signers": [],
                "viewer_protocol_policy": "allow-all"
              }
            ],
            "default_root_object": "home.html",
            "domain_name": "dnu0gi1y8iwss.cloudfront.net",
            "enabled": true,
            "etag": "E19GP8WWYG9QPX",
            "hosted_zone_id": "Z2FDTNDATAQYW2",
            "http_version": "http2",
            "id": "E2B1YC9NF35QMK",
            "in_progress_validation_batches": 0,
            "is_ipv6_enabled": true,
            "last_modified_time": "2022-07-08 07:10:21.801 +0000 UTC",
            "logging_config": [
              {
                "bucket": "yfquek-cf-test-20220708.s3.amazonaws.com",
                "include_cookies": false,
                "prefix": ""
              }
            ],
            "ordered_cache_behavior": [
              {
                "allowed_methods": [
                  "GET",
                  "HEAD",
                  "OPTIONS"
                ],
                "cache_policy_id": "",
                "cached_methods": [
                  "GET",
                  "HEAD",
                  "OPTIONS"
                ],
                "compress": true,
                "default_ttl": 86400,
                "field_level_encryption_id": "",
                "forwarded_values": [
                  {
                    "cookies": [
                      {
                        "forward": "none",
                        "whitelisted_names": null
                      }
                    ],
                    "headers": [
                      "Origin"
                    ],
                    "query_string": false,
                    "query_string_cache_keys": []
                  }
                ],
                "function_association": [],
                "lambda_function_association": [],
                "max_ttl": 31536000,
                "min_ttl": 0,
                "origin_request_policy_id": "",
                "path_pattern": "/content/immutable/*",
                "realtime_log_config_arn": "",
                "response_headers_policy_id": "",
                "smooth_streaming": false,
                "target_origin_id": "yfquek-cf-test-20220708",
                "trusted_key_groups": null,
                "trusted_signers": null,
                "viewer_protocol_policy": "redirect-to-https"
              },
              {
                "allowed_methods": [
                  "GET",
                  "HEAD",
                  "OPTIONS"
                ],
                "cache_policy_id": "",
                "cached_methods": [
                  "GET",
                  "HEAD"
                ],
                "compress": true,
                "default_ttl": 3600,
                "field_level_encryption_id": "",
                "forwarded_values": [
                  {
                    "cookies": [
                      {
                        "forward": "none",
                        "whitelisted_names": null
                      }
                    ],
                    "headers": [],
                    "query_string": false,
                    "query_string_cache_keys": []
                  }
                ],
                "function_association": [],
                "lambda_function_association": [],
                "max_ttl": 86400,
                "min_ttl": 0,
                "origin_request_policy_id": "",
                "path_pattern": "/content/*",
                "realtime_log_config_arn": "",
                "response_headers_policy_id": "",
                "smooth_streaming": false,
                "target_origin_id": "yfquek-cf-test-20220708",
                "trusted_key_groups": null,
                "trusted_signers": null,
                "viewer_protocol_policy": "redirect-to-https"
              }
            ],
            "origin": [
              {
                "connection_attempts": 3,
                "connection_timeout": 10,
                "custom_header": [],
                "custom_origin_config": [],
                "domain_name": "yfquek-cf-test-20220708.s3.us-west-2.amazonaws.com",
                "origin_id": "yfquek-cf-test-20220708",
                "origin_path": "",
                "origin_shield": [],
                "s3_origin_config": []
              }
            ],
            "origin_group": [],
            "price_class": "PriceClass_All",
            "restrictions": [
              {
                "geo_restriction": [
                  {
                    "locations": [],
                    "restriction_type": "none"
                  }
                ]
              }
            ],
            "retain_on_delete": false,
            "status": "Deployed",
            "tags": {
              "Environment": "production"
            },
            "tags_all": {
              "Environment": "production"
            },
            "trusted_key_groups": [
              {
                "enabled": false,
                "items": []
              }
            ],
            "trusted_signers": [
              {
                "enabled": false,
                "items": []
              }
            ],
            "viewer_certificate": [
              {
                "acm_certificate_arn": "",
                "cloudfront_default_certificate": true,
                "iam_certificate_id": "",
                "minimum_protocol_version": "TLSv1",
                "ssl_support_method": ""
              }
            ],
            "wait_for_deployment": true,
            "web_acl_id": ""
          },
          "sensitive_attributes": [],
          "private": "eyJzY2hlbWFfdmVyc2lvbiI6IjEifQ==",
          "dependencies": [
            "aws_s3_bucket.mybucket"
          ]
        }
      ]
    },
    {
      "mode": "managed",
      "type": "aws_ebs_volume",
      "name": "webebs",
      "provider": "provider[\"registry.terraform.io/hashicorp/aws\"]",
      "instances": [
        {
          "schema_version": 0,
          "attributes": {
            "arn": "arn:aws:ec2:us-west-2:484870727739:volume/vol-0e7c7fa6f535c4c37",
            "availability_zone": "us-west-2b",
            "encrypted": false,
            "final_snapshot": false,
            "id": "vol-0e7c7fa6f535c4c37",
            "iops": 100,
            "kms_key_id": "",
            "multi_attach_enabled": false,
            "outpost_arn": "",
            "size": 1,
            "snapshot_id": "",
            "tags": {
              "Name": "yfquek-cf-test-ebs"
            },
            "tags_all": {
              "Name": "yfquek-cf-test-ebs"
            },
            "throughput": 0,
            "timeouts": null,
            "type": "gp2"
          },
          "sensitive_attributes": [],
          "private": "eyJlMmJmYjczMC1lY2FhLTExZTYtOGY4OC0zNDM2M2JjN2M0YzAiOnsiY3JlYXRlIjozMDAwMDAwMDAwMDAsImRlbGV0ZSI6MzAwMDAwMDAwMDAwLCJ1cGRhdGUiOjMwMDAwMDAwMDAwMH19",
          "dependencies": [
            "aws_instance.webos",
            "aws_security_group.allow_tls"
          ]
        }
      ]
    },
    {
      "mode": "managed",
      "type": "aws_instance",
      "name": "webos",
      "provider": "provider[\"registry.terraform.io/hashicorp/aws\"]",
      "instances": [
        {
          "schema_version": 1,
          "attributes": {
            "ami": "ami-0688ba7eeeeefe3cd",
            "arn": "arn:aws:ec2:us-west-2:484870727739:instance/i-030f8b7fe542a495e",
            "associate_public_ip_address": true,
            "availability_zone": "us-west-2b",
            "capacity_reservation_specification": [
              {
                "capacity_reservation_preference": "open",
                "capacity_reservation_target": []
              }
            ],
            "cpu_core_count": 1,
            "cpu_threads_per_core": 1,
            "credit_specification": [
              {
                "cpu_credits": "standard"
              }
            ],
            "disable_api_stop": false,
            "disable_api_termination": false,
            "ebs_block_device": [],
            "ebs_optimized": false,
            "enclave_options": [
              {
                "enabled": false
              }
            ],
            "ephemeral_block_device": [],
            "get_password_data": false,
            "hibernation": false,
            "host_id": null,
            "iam_instance_profile": "",
            "id": "i-030f8b7fe542a495e",
            "instance_initiated_shutdown_behavior": "stop",
            "instance_state": "running",
            "instance_type": "t2.micro",
            "ipv6_address_count": 0,
            "ipv6_addresses": [],
            "key_name": "mykey",
            "launch_template": [],
            "maintenance_options": [
              {
                "auto_recovery": "default"
              }
            ],
            "metadata_options": [
              {
                "http_endpoint": "enabled",
                "http_put_response_hop_limit": 1,
                "http_tokens": "optional",
                "instance_metadata_tags": "disabled"
              }
            ],
            "monitoring": false,
            "network_interface": [],
            "outpost_arn": "",
            "password_data": "",
            "placement_group": "",
            "placement_partition_number": null,
            "primary_network_interface_id": "eni-04397763b295ef9c2",
            "private_dns": "ip-172-31-24-46.us-west-2.compute.internal",
            "private_dns_name_options": [
              {
                "enable_resource_name_dns_a_record": false,
                "enable_resource_name_dns_aaaa_record": false,
                "hostname_type": "ip-name"
              }
            ],
            "private_ip": "172.31.24.46",
            "public_dns": "ec2-34-217-126-55.us-west-2.compute.amazonaws.com",
            "public_ip": "34.217.126.55",
            "root_block_device": [
              {
                "delete_on_termination": true,
                "device_name": "/dev/sda1",
                "encrypted": false,
                "iops": 100,
                "kms_key_id": "",
                "tags": {},
                "throughput": 0,
                "volume_id": "vol-011f7eed8abad52a4",
                "volume_size": 8,
                "volume_type": "gp2"
              }
            ],
            "secondary_private_ips": [],
            "security_groups": [
              "yfquek-cf-test-sg1"
            ],
            "source_dest_check": true,
            "subnet_id": "subnet-011b8ad40c92fd973",
            "tags": {
              "Name": "yfquek-cf-compute1"
            },
            "tags_all": {
              "Name": "yfquek-cf-compute1"
            },
            "tenancy": "default",
            "timeouts": null,
            "user_data": null,
            "user_data_base64": null,
            "user_data_replace_on_change": false,
            "volume_tags": null,
            "vpc_security_group_ids": [
              "sg-08c84c772f10504ca"
            ]
          },
          "sensitive_attributes": [],
          "private": "eyJlMmJmYjczMC1lY2FhLTExZTYtOGY4OC0zNDM2M2JjN2M0YzAiOnsiY3JlYXRlIjo2MDAwMDAwMDAwMDAsImRlbGV0ZSI6MTIwMDAwMDAwMDAwMCwidXBkYXRlIjo2MDAwMDAwMDAwMDB9LCJzY2hlbWFfdmVyc2lvbiI6IjEifQ==",
          "dependencies": [
            "aws_security_group.allow_tls"
          ]
        }
      ]
    },
    {
      "mode": "managed",
      "type": "aws_key_pair",
      "name": "mykeypair",
      "provider": "provider[\"registry.terraform.io/hashicorp/aws\"]",
      "instances": [
        {
          "schema_version": 1,
          "attributes": {
            "arn": "arn:aws:ec2:us-west-2:484870727739:key-pair/mykey",
            "fingerprint": "1a:14:05:fb:ba:fb:51:11:58:87:9b:44:14:6e:88:7e",
            "id": "mykey",
            "key_name": "mykey",
            "key_name_prefix": "",
            "key_pair_id": "key-0ed12fc969781b8fe",
            "key_type": "rsa",
            "public_key": "ssh-rsa AAAAB3NzaC1yc2EAAAADAQABAAABAQDX5uloXfVPsvZmU20XKoPLflei8I7Lflaa8JQ21ERCy/7xb+R8fSQl5vYqKmVqgLva2uJl1N5U4qG/hm0qLX3ToH+W7Zc2qEoxee9BOv9dGu27njIJOCalwhxCo6WcUD8rBt3sW0oECKWc+yRfrceesKC1ETt56zlTshcvqGs+9DfyQ0Ohg2VeF4un6UHgUKG76pcbiw0tUzeBeWz1NdpA/zSEmDZK3R2DrxlheALRlbLBjBOT0z5f9O8gjb8tIF9JMfs2PG/xZroD2vU9wsdyF81qvsM5TdR5KpTCItXB82mv5XvsPDvPZut2d/CojRNoDMXgkIfCNNdkDoVjS7IL",
            "tags": null,
            "tags_all": {}
          },
          "sensitive_attributes": [],
          "private": "eyJzY2hlbWFfdmVyc2lvbiI6IjEifQ==",
          "dependencies": [
            "tls_private_key.myprivatekey"
          ]
        }
      ]
    },
    {
      "mode": "managed",
      "type": "aws_s3_bucket",
      "name": "mybucket",
      "provider": "provider[\"registry.terraform.io/hashicorp/aws\"]",
      "instances": [
        {
          "schema_version": 0,
          "attributes": {
            "acceleration_status": "",
            "acl": null,
            "arn": "arn:aws:s3:::yfquek-cf-test-20220708",
            "bucket": "yfquek-cf-test-20220708",
            "bucket_domain_name": "yfquek-cf-test-20220708.s3.amazonaws.com",
            "bucket_prefix": null,
            "bucket_regional_domain_name": "yfquek-cf-test-20220708.s3.us-west-2.amazonaws.com",
            "cors_rule": [],
            "force_destroy": false,
            "grant": [
              {
                "id": "5888688b7e5ccb1e03f6b0768338eaa169f358f86e893e970ec892d5664ccf1d",
                "permissions": [
                  "FULL_CONTROL"
                ],
                "type": "CanonicalUser",
                "uri": ""
              }
            ],
            "hosted_zone_id": "Z3BJ6K6RIION7M",
            "id": "yfquek-cf-test-20220708",
            "lifecycle_rule": [],
            "logging": [],
            "object_lock_configuration": [],
            "object_lock_enabled": false,
            "policy": "",
            "region": "us-west-2",
            "replication_configuration": [],
            "request_payer": "BucketOwner",
            "server_side_encryption_configuration": [],
            "tags": {
              "Environment": "Dev",
              "Name": "yfquek-cf-test-20220708"
            },
            "tags_all": {
              "Environment": "Dev",
              "Name": "yfquek-cf-test-20220708"
            },
            "versioning": [
              {
                "enabled": false,
                "mfa_delete": false
              }
            ],
            "website": [],
            "website_domain": null,
            "website_endpoint": null
          },
          "sensitive_attributes": [],
          "private": "bnVsbA=="
        }
      ]
    },
    {
      "mode": "managed",
      "type": "aws_s3_bucket_acl",
      "name": "mybucket_acl",
      "provider": "provider[\"registry.terraform.io/hashicorp/aws\"]",
      "instances": [
        {
          "schema_version": 0,
          "attributes": {
            "access_control_policy": [
              {
                "grant": [
                  {
                    "grantee": [
                      {
                        "display_name": "yfengquek94+ecv1",
                        "email_address": "",
                        "id": "5888688b7e5ccb1e03f6b0768338eaa169f358f86e893e970ec892d5664ccf1d",
                        "type": "CanonicalUser",
                        "uri": ""
                      }
                    ],
                    "permission": "FULL_CONTROL"
                  }
                ],
                "owner": [
                  {
                    "display_name": "yfengquek94+ecv1",
                    "id": "5888688b7e5ccb1e03f6b0768338eaa169f358f86e893e970ec892d5664ccf1d"
                  }
                ]
              }
            ],
            "acl": "private",
            "bucket": "yfquek-cf-test-20220708",
            "expected_bucket_owner": "",
            "id": "yfquek-cf-test-20220708,private"
          },
          "sensitive_attributes": [],
          "private": "bnVsbA==",
          "dependencies": [
            "aws_s3_bucket.mybucket"
          ]
        }
      ]
    },
    {
      "mode": "managed",
      "type": "aws_security_group",
      "name": "allow_tls",
      "provider": "provider[\"registry.terraform.io/hashicorp/aws\"]",
      "instances": [
        {
          "schema_version": 1,
          "attributes": {
            "arn": "arn:aws:ec2:us-west-2:484870727739:security-group/sg-08c84c772f10504ca",
            "description": "Allow TLS inbound traffic",
            "egress": [
              {
                "cidr_blocks": [
                  "0.0.0.0/0"
                ],
                "description": "",
                "from_port": 0,
                "ipv6_cidr_blocks": [],
                "prefix_list_ids": [],
                "protocol": "-1",
                "security_groups": [],
                "self": false,
                "to_port": 0
              }
            ],
            "id": "sg-08c84c772f10504ca",
            "ingress": [
              {
                "cidr_blocks": [
                  "0.0.0.0/0"
                ],
                "description": "SSH from VPC",
                "from_port": 22,
                "ipv6_cidr_blocks": [],
                "prefix_list_ids": [],
                "protocol": "tcp",
                "security_groups": [],
                "self": false,
                "to_port": 22
              },
              {
                "cidr_blocks": [
                  "0.0.0.0/0"
                ],
                "description": "TLS from VPC",
                "from_port": 80,
                "ipv6_cidr_blocks": [],
                "prefix_list_ids": [],
                "protocol": "tcp",
                "security_groups": [],
                "self": false,
                "to_port": 80
              }
            ],
            "name": "yfquek-cf-test-sg1",
            "name_prefix": "",
            "owner_id": "484870727739",
            "revoke_rules_on_delete": false,
            "tags": {
              "Name": "yfquek-cf-test-sg1"
            },
            "tags_all": {
              "Name": "yfquek-cf-test-sg1"
            },
            "timeouts": null,
            "vpc_id": "vpc-00cefd8aebe0858b5"
          },
          "sensitive_attributes": [],
          "private": "eyJlMmJmYjczMC1lY2FhLTExZTYtOGY4OC0zNDM2M2JjN2M0YzAiOnsiY3JlYXRlIjo2MDAwMDAwMDAwMDAsImRlbGV0ZSI6OTAwMDAwMDAwMDAwfSwic2NoZW1hX3ZlcnNpb24iOiIxIn0="
        }
      ]
    },
    {
      "mode": "managed",
      "type": "aws_volume_attachment",
      "name": "webebs_att",
      "provider": "provider[\"registry.terraform.io/hashicorp/aws\"]",
      "instances": [
        {
          "status": "tainted",
          "schema_version": 0,
          "attributes": {
            "device_name": "/dev/sdh",
            "force_detach": null,
            "id": "vai-771683859",
            "instance_id": "i-030f8b7fe542a495e",
            "skip_destroy": null,
            "stop_instance_before_detaching": null,
            "timeouts": null,
            "volume_id": "vol-0e7c7fa6f535c4c37"
          },
          "sensitive_attributes": [],
          "private": "eyJlMmJmYjczMC1lY2FhLTExZTYtOGY4OC0zNDM2M2JjN2M0YzAiOnsiY3JlYXRlIjozMDAwMDAwMDAwMDAsImRlbGV0ZSI6MzAwMDAwMDAwMDAwfX0=",
          "dependencies": [
            "aws_ebs_volume.webebs",
            "aws_instance.webos",
            "aws_security_group.allow_tls",
            "tls_private_key.myprivatekey"
          ]
        }
      ]
    },
    {
      "mode": "managed",
      "type": "null_resource",
      "name": "replace_src",
      "provider": "provider[\"registry.terraform.io/hashicorp/null\"]",
      "instances": [
        {
          "status": "tainted",
          "schema_version": 0,
          "attributes": {
            "id": "526607365046240700",
            "triggers": null
          },
          "sensitive_attributes": [],
          "private": "bnVsbA==",
          "dependencies": [
            "aws_cloudfront_distribution.mycloudfront",
            "aws_instance.webos",
            "aws_s3_bucket.mybucket",
            "aws_security_group.allow_tls",
            "tls_private_key.myprivatekey"
          ]
        }
      ]
    },
    {
      "mode": "managed",
      "type": "tls_private_key",
      "name": "myprivatekey",
      "provider": "provider[\"registry.terraform.io/hashicorp/tls\"]",
      "instances": [
        {
          "schema_version": 0,
          "attributes": {
            "algorithm": "RSA",
            "ecdsa_curve": "P224",
            "id": "95d83240c0e0d569c42f78e19e9408ed377ec5a4",
            "private_key_openssh": "-----BEGIN OPENSSH PRIVATE KEY-----\nb3BlbnNzaC1rZXktdjEAAAAABG5vbmUAAAAEbm9uZQAAAAAAAAABAAABFwAAAAdz\nc2gtcnNhAAAAAwEAAQAAAQEA1+bpaF31T7L2ZlNtFyqDy35XovCOy35WmvCUNtRE\nQsv+8W/kfH0kJeb2KiplaoC72triZdTeVOKhv4ZtKi1906B/lu2XNqhKMXnvQTr/\nXRrtu54yCTgmpcIcQqOlnFA/Kwbd7FtKBAilnPskX63HnrCgtRE7ees5U7IXL6hr\nPvQ38kNDoYNlXheLp+lB4FChu+qXG4sNLVM3gXls9TXaQP80hJg2St0dg68ZYXgC\n0ZWywYwTk9M+X/TvII2/LSBfSTH7Njxv8Wa6A9r1PcLHchfNar7DOU3UeSqUwiLV\nwfNpr+V77Dw7z2brdnfwqI0TaAzF4JCHwjTXZA6FY0uyCwAAA7iFmngjhZp4IwAA\nAAdzc2gtcnNhAAABAQDX5uloXfVPsvZmU20XKoPLflei8I7Lflaa8JQ21ERCy/7x\nb+R8fSQl5vYqKmVqgLva2uJl1N5U4qG/hm0qLX3ToH+W7Zc2qEoxee9BOv9dGu27\nnjIJOCalwhxCo6WcUD8rBt3sW0oECKWc+yRfrceesKC1ETt56zlTshcvqGs+9Dfy\nQ0Ohg2VeF4un6UHgUKG76pcbiw0tUzeBeWz1NdpA/zSEmDZK3R2DrxlheALRlbLB\njBOT0z5f9O8gjb8tIF9JMfs2PG/xZroD2vU9wsdyF81qvsM5TdR5KpTCItXB82mv\n5XvsPDvPZut2d/CojRNoDMXgkIfCNNdkDoVjS7ILAAAAAwEAAQAAAQAQPAzRDD+l\n/o8Ior1RQKEobBeq6OvT4WwhunVqqgt3+l7xSLilo8NUFknsYcO+fm+hxVPA1IDj\nYSdIf5M12LXdc/QkJTl5oq3xinmzLfyFw8CcmwioKNC/Jhl56VRKrL4TPjDx1Ot7\n4iqR41CY4ThhdmafNuyB/m4RHRMhQkjOMuud7HISi0Pls+R/n0dycNDWwQGUj7qx\nOjEUpJGXECXKhN4W1fuPUeUmrVthALz3wg/jZ9tzhNIMWVxC+svHYDD0g2w57QR9\nXtt/blAtuUwanVRfv7mE7IGIDpUoFYYjIHr1WWcEhWHqjWVL2pRkxN0Tr2sOx+ed\n1JKI13xwf8oBAAAAgGZlwsUJ+RcmkPj4KuCcME5j9EUppdO+6ZWgIFt03NulbMHZ\nmpwt/6ytffkoZQHU5mJs3DoXEMt5gtVLdsqZM5OZzET2jXibdOezJJSJiMPdIv3s\n53c/lgM5JwHZ86ww/ap3THl9mHr90IC2Z09N3DHVVAEN+lth1I5GlbFtf7kCAAAA\ngQD1u/8uQ2fsciyCuoOnr/vbGfqetISFcVUpMr3awVWmz8+JJ5+4SAeDnPj/yzHw\nSoKvl9DeuCeGLt6IDeAsbeK7pA6AVRTp9LIBDgR82WBYylNQ21euTZ2mDbnhvl7m\n5dEv5qbNFZgXon7Iijn/CVEnTFVP2MFNUkXnYJjGqHVCFwAAAIEA4OvfgyJmxiuD\ncKQOyyNvM/Qgk4qynvUW3v3Q25KJ7D0ZnKAVdWyGaGq8pHo3N30mkC18GNarbigu\n4/A7xIEcyncyZxG2kRV3liPfoigMT7Lp8RNYeGtgDcReju2ZosYt9iiaTN5PBxaA\nP4iCFjouhxe+LPswJIdncCXZNgDaDC0AAAAAAQID\n-----END OPENSSH PRIVATE KEY-----\n",
            "private_key_pem": "-----BEGIN RSA PRIVATE KEY-----\nMIIEogIBAAKCAQEA1+bpaF31T7L2ZlNtFyqDy35XovCOy35WmvCUNtREQsv+8W/k\nfH0kJeb2KiplaoC72triZdTeVOKhv4ZtKi1906B/lu2XNqhKMXnvQTr/XRrtu54y\nCTgmpcIcQqOlnFA/Kwbd7FtKBAilnPskX63HnrCgtRE7ees5U7IXL6hrPvQ38kND\noYNlXheLp+lB4FChu+qXG4sNLVM3gXls9TXaQP80hJg2St0dg68ZYXgC0ZWywYwT\nk9M+X/TvII2/LSBfSTH7Njxv8Wa6A9r1PcLHchfNar7DOU3UeSqUwiLVwfNpr+V7\n7Dw7z2brdnfwqI0TaAzF4JCHwjTXZA6FY0uyCwIDAQABAoIBABA8DNEMP6X+jwii\nvVFAoShsF6ro69PhbCG6dWqqC3f6XvFIuKWjw1QWSexhw75+b6HFU8DUgONhJ0h/\nkzXYtd1z9CQlOXmirfGKebMt/IXDwJybCKgo0L8mGXnpVEqsvhM+MPHU63viKpHj\nUJjhOGF2Zp827IH+bhEdEyFCSM4y653schKLQ+Wz5H+fR3Jw0NbBAZSPurE6MRSk\nkZcQJcqE3hbV+49R5SatW2EAvPfCD+Nn23OE0gxZXEL6y8dgMPSDbDntBH1e239u\nUC25TBqdVF+/uYTsgYgOlSgVhiMgevVZZwSFYeqNZUvalGTE3ROvaw7H553UkojX\nfHB/ygECgYEA9bv/LkNn7HIsgrqDp6/72xn6nrSEhXFVKTK92sFVps/PiSefuEgH\ng5z4/8sx8EqCr5fQ3rgnhi7eiA3gLG3iu6QOgFUU6fSyAQ4EfNlgWMpTUNtXrk2d\npg254b5e5uXRL+amzRWYF6J+yIo5/wlRJ0xVT9jBTVJF52CYxqh1QhcCgYEA4Ovf\ngyJmxiuDcKQOyyNvM/Qgk4qynvUW3v3Q25KJ7D0ZnKAVdWyGaGq8pHo3N30mkC18\nGNarbigu4/A7xIEcyncyZxG2kRV3liPfoigMT7Lp8RNYeGtgDcReju2ZosYt9iia\nTN5PBxaAP4iCFjouhxe+LPswJIdncCXZNgDaDC0CgYBTP18RkzBPv9Yoa3tSgaH2\n9fQbc9g5RM2u6Uu8IiccHeaW9l97lJtHERShw3qlhviC+BGAgi6RnKsyuFCrfIaF\nPuzSuQAeyhDLnq4ShanIKrLS/5vSpuSzbo78VPvdiRm2+pKjg59E0n3U/k7rgYKG\np6t3I11JDogz/FuFYWhn/QKBgAPzQI6uCP4L/5f32aapradM71GICxENnuQ1svhY\nP4HdpNiCWz4ftNCap0uANf4MfaPkmJxbENGzdPdd3b7awaWwqDr1La6ooNwLLz9K\n0sSHkOJCA7jBsgMr4rlB5QPd1SrQlb0p3ltygrga7qXzSaPnv9hMZREPK7rlf0Ya\nh7nVAoGAZmXCxQn5FyaQ+Pgq4JwwTmP0RSml077plaAgW3Tc26VswdmanC3/rK19\n+ShlAdTmYmzcOhcQy3mC1Ut2ypkzk5nMRPaNeJt057MklImIw90i/ezndz+WAzkn\nAdnzrDD9qndMeX2Yev3QgLZnT03cMdVUAQ36W2HUjkaVsW1/uQI=\n-----END RSA PRIVATE KEY-----\n",
            "public_key_fingerprint_md5": "99:fc:14:5f:d9:70:33:89:02:91:a5:18:20:43:f1:c0",
            "public_key_fingerprint_sha256": "SHA256:nnUZTImUcqCM2ylBZZoUpPUyM8bswCqGt+WafUVGe0I",
            "public_key_openssh": "ssh-rsa AAAAB3NzaC1yc2EAAAADAQABAAABAQDX5uloXfVPsvZmU20XKoPLflei8I7Lflaa8JQ21ERCy/7xb+R8fSQl5vYqKmVqgLva2uJl1N5U4qG/hm0qLX3ToH+W7Zc2qEoxee9BOv9dGu27njIJOCalwhxCo6WcUD8rBt3sW0oECKWc+yRfrceesKC1ETt56zlTshcvqGs+9DfyQ0Ohg2VeF4un6UHgUKG76pcbiw0tUzeBeWz1NdpA/zSEmDZK3R2DrxlheALRlbLBjBOT0z5f9O8gjb8tIF9JMfs2PG/xZroD2vU9wsdyF81qvsM5TdR5KpTCItXB82mv5XvsPDvPZut2d/CojRNoDMXgkIfCNNdkDoVjS7IL\n",
            "public_key_pem": "-----BEGIN PUBLIC KEY-----\nMIIBIjANBgkqhkiG9w0BAQEFAAOCAQ8AMIIBCgKCAQEA1+bpaF31T7L2ZlNtFyqD\ny35XovCOy35WmvCUNtREQsv+8W/kfH0kJeb2KiplaoC72triZdTeVOKhv4ZtKi19\n06B/lu2XNqhKMXnvQTr/XRrtu54yCTgmpcIcQqOlnFA/Kwbd7FtKBAilnPskX63H\nnrCgtRE7ees5U7IXL6hrPvQ38kNDoYNlXheLp+lB4FChu+qXG4sNLVM3gXls9TXa\nQP80hJg2St0dg68ZYXgC0ZWywYwTk9M+X/TvII2/LSBfSTH7Njxv8Wa6A9r1PcLH\nchfNar7DOU3UeSqUwiLVwfNpr+V77Dw7z2brdnfwqI0TaAzF4JCHwjTXZA6FY0uy\nCwIDAQAB\n-----END PUBLIC KEY-----\n",
            "rsa_bits": 2048
          },
          "sensitive_attributes": [],
          "private": "bnVsbA=="
        }
      ]
    }
  ]
}
